
Microsoft Visual Studio Solution File, Format Version 12.00
Project("{FAE04EC0-301F-11D3-BF4B-00C04F79EFBC}") = "WebApp", "WebApp\WebApp.csproj", "{F656098E-F025-45A7-AC0F-56B90FD05842}"
EndProject
Project("{2150E333-8FDC-42A3-9474-1A3956D46DE8}") = "Solution Folder", "Solution Folder", "{262D2520-D343-4FE1-932E-1773ABEB5489}"
	ProjectSection(SolutionItems) = preProject
		.gitignore = .gitignore
		Directory.Build.props = Directory.Build.props
		docker-compose.yml = docker-compose.yml
	EndProjectSection
EndProject
Project("{FAE04EC0-301F-11D3-BF4B-00C04F79EFBC}") = "DAL", "DAL\DAL.csproj", "{CF60F356-529A-48B1-8594-EE76040CB10C}"
EndProject
Global
	GlobalSection(SolutionConfigurationPlatforms) = preSolution
		Debug|Any CPU = Debug|Any CPU
		Release|Any CPU = Release|Any CPU
	EndGlobalSection
	GlobalSection(ProjectConfigurationPlatforms) = postSolution
		{F656098E-F025-45A7-AC0F-56B90FD05842}.Debug|Any CPU.ActiveCfg = Debug|Any CPU
		{F656098E-F025-45A7-AC0F-56B90FD05842}.Debug|Any CPU.Build.0 = Debug|Any CPU
		{F656098E-F025-45A7-AC0F-56B90FD05842}.Release|Any CPU.ActiveCfg = Release|Any CPU
		{F656098E-F025-45A7-AC0F-56B90FD05842}.Release|Any CPU.Build.0 = Release|Any CPU
		{CF60F356-529A-48B1-8594-EE76040CB10C}.Debug|Any CPU.ActiveCfg = Debug|Any CPU
		{CF60F356-529A-48B1-8594-EE76040CB10C}.Debug|Any CPU.Build.0 = Debug|Any CPU
		{CF60F356-529A-48B1-8594-EE76040CB10C}.Release|Any CPU.ActiveCfg = Release|Any CPU
		{CF60F356-529A-48B1-8594-EE76040CB10C}.Release|Any CPU.Build.0 = Release|Any CPU
	EndGlobalSection
EndGlobal
